// !$*UTF8*$!
{
	archiveVersion = 1;
	classes = {
	};
	objectVersion = 46;
	objects = {

/* Begin PBXBuildFile section */
		6A789C0F1D91B58E001B14DF /* TableViewController.swift in Sources */ = {isa = PBXBuildFile; fileRef = 6A789C0E1D91B58E001B14DF /* TableViewController.swift */; };
		6A789C111D91C724001B14DF /* TableViewCell.swift in Sources */ = {isa = PBXBuildFile; fileRef = 6A789C101D91C724001B14DF /* TableViewCell.swift */; };
		6A7A8B831D90BDFE000BACEA /* AppDelegate.swift in Sources */ = {isa = PBXBuildFile; fileRef = 6A7A8B821D90BDFE000BACEA /* AppDelegate.swift */; };
		6A7A8B851D90BDFE000BACEA /* ViewController.swift in Sources */ = {isa = PBXBuildFile; fileRef = 6A7A8B841D90BDFE000BACEA /* ViewController.swift */; };
		6A7A8B8A1D90BDFE000BACEA /* Assets.xcassets in Resources */ = {isa = PBXBuildFile; fileRef = 6A7A8B891D90BDFE000BACEA /* Assets.xcassets */; };
		6A7A8B8D1D90BDFE000BACEA /* LaunchScreen.storyboard in Resources */ = {isa = PBXBuildFile; fileRef = 6A7A8B8B1D90BDFE000BACEA /* LaunchScreen.storyboard */; };
		6A8033B31D9ADFF1000BFF14 /* Data.swift in Sources */ = {isa = PBXBuildFile; fileRef = 6A8033B21D9ADFF1000BFF14 /* Data.swift */; };
		6ABBCCCD1D9B3CA4002C5139 /* Main.storyboard in Resources */ = {isa = PBXBuildFile; fileRef = 6ABBCCCC1D9B3CA4002C5139 /* Main.storyboard */; };
/* End PBXBuildFile section */

/* Begin PBXFileReference section */
		6A789C0E1D91B58E001B14DF /* TableViewController.swift */ = {isa = PBXFileReference; fileEncoding = 4; lastKnownFileType = sourcecode.swift; path = TableViewController.swift; sourceTree = "<group>"; };
		6A789C101D91C724001B14DF /* TableViewCell.swift */ = {isa = PBXFileReference; fileEncoding = 4; lastKnownFileType = sourcecode.swift; path = TableViewCell.swift; sourceTree = "<group>"; };
		6A7A8B7F1D90BDFE000BACEA /* Tree Fiddy.app */ = {isa = PBXFileReference; explicitFileType = wrapper.application; includeInIndex = 0; path = "Tree Fiddy.app"; sourceTree = BUILT_PRODUCTS_DIR; };
		6A7A8B821D90BDFE000BACEA /* AppDelegate.swift */ = {isa = PBXFileReference; lastKnownFileType = sourcecode.swift; path = AppDelegate.swift; sourceTree = "<group>"; };
		6A7A8B841D90BDFE000BACEA /* ViewController.swift */ = {isa = PBXFileReference; lastKnownFileType = sourcecode.swift; path = ViewController.swift; sourceTree = "<group>"; };
		6A7A8B891D90BDFE000BACEA /* Assets.xcassets */ = {isa = PBXFileReference; lastKnownFileType = folder.assetcatalog; path = Assets.xcassets; sourceTree = "<group>"; };
		6A7A8B8C1D90BDFE000BACEA /* Base */ = {isa = PBXFileReference; lastKnownFileType = file.storyboard; name = Base; path = Base.lproj/LaunchScreen.storyboard; sourceTree = "<group>"; };
		6A7A8B8E1D90BDFE000BACEA /* Info.plist */ = {isa = PBXFileReference; lastKnownFileType = text.plist.xml; path = Info.plist; sourceTree = "<group>"; };
		6A8033B21D9ADFF1000BFF14 /* Data.swift */ = {isa = PBXFileReference; fileEncoding = 4; lastKnownFileType = sourcecode.swift; path = Data.swift; sourceTree = "<group>"; };
		6ABBCCCC1D9B3CA4002C5139 /* Main.storyboard */ = {isa = PBXFileReference; fileEncoding = 4; lastKnownFileType = file.storyboard; path = Main.storyboard; sourceTree = "<group>"; };
/* End PBXFileReference section */

/* Begin PBXFrameworksBuildPhase section */
		6A7A8B7C1D90BDFE000BACEA /* Frameworks */ = {
			isa = PBXFrameworksBuildPhase;
			buildActionMask = 2147483647;
			files = (
			);
			runOnlyForDeploymentPostprocessing = 0;
		};
/* End PBXFrameworksBuildPhase section */

/* Begin PBXGroup section */
		6A7A8B761D90BDFE000BACEA = {
			isa = PBXGroup;
			children = (
				6A7A8B811D90BDFE000BACEA /* Project1_TreeFiddy */,
				6A7A8B801D90BDFE000BACEA /* Products */,
			);
			sourceTree = "<group>";
		};
		6A7A8B801D90BDFE000BACEA /* Products */ = {
			isa = PBXGroup;
			children = (
				6A7A8B7F1D90BDFE000BACEA /* Tree Fiddy.app */,
			);
			name = Products;
			sourceTree = "<group>";
		};
		6A7A8B811D90BDFE000BACEA /* Project1_TreeFiddy */ = {
			isa = PBXGroup;
			children = (
				6A7A8B821D90BDFE000BACEA /* AppDelegate.swift */,
				6A8033B21D9ADFF1000BFF14 /* Data.swift */,
				6A7A8B841D90BDFE000BACEA /* ViewController.swift */,
				6A789C101D91C724001B14DF /* TableViewCell.swift */,
				6A789C0E1D91B58E001B14DF /* TableViewController.swift */,
				6ABBCCCC1D9B3CA4002C5139 /* Main.storyboard */,
				6A7A8B891D90BDFE000BACEA /* Assets.xcassets */,
				6A7A8B8B1D90BDFE000BACEA /* LaunchScreen.storyboard */,
				6A7A8B8E1D90BDFE000BACEA /* Info.plist */,
			);
			path = Project1_TreeFiddy;
			sourceTree = "<group>";
		};
/* End PBXGroup section */

/* Begin PBXNativeTarget section */
		6A7A8B7E1D90BDFE000BACEA /* TreeFiddy */ = {
			isa = PBXNativeTarget;
			buildConfigurationList = 6A7A8B911D90BDFE000BACEA /* Build configuration list for PBXNativeTarget "TreeFiddy" */;
			buildPhases = (
				6A7A8B7B1D90BDFE000BACEA /* Sources */,
				6A7A8B7C1D90BDFE000BACEA /* Frameworks */,
				6A7A8B7D1D90BDFE000BACEA /* Resources */,
			);
			buildRules = (
			);
			dependencies = (
			);
			name = TreeFiddy;
			productName = Project1_TreeFiddy;
			productReference = 6A7A8B7F1D90BDFE000BACEA /* Tree Fiddy.app */;
			productType = "com.apple.product-type.application";
		};
/* End PBXNativeTarget section */

/* Begin PBXProject section */
		6A7A8B771D90BDFE000BACEA /* Project object */ = {
			isa = PBXProject;
			attributes = {
				LastSwiftUpdateCheck = 0730;
				LastUpgradeCheck = 0800;
				ORGANIZATIONNAME = "Soo Rin Park";
				TargetAttributes = {
					6A7A8B7E1D90BDFE000BACEA = {
						CreatedOnToolsVersion = 7.3.1;
						DevelopmentTeam = GJ6V736FLW;
						LastSwiftMigration = 0800;
						ProvisioningStyle = Manual;
					};
				};
			};
			buildConfigurationList = 6A7A8B7A1D90BDFE000BACEA /* Build configuration list for PBXProject "TreeFiddy" */;
			compatibilityVersion = "Xcode 3.2";
			developmentRegion = English;
			hasScannedForEncodings = 0;
			knownRegions = (
				en,
				Base,
			);
			mainGroup = 6A7A8B761D90BDFE000BACEA;
			productRefGroup = 6A7A8B801D90BDFE000BACEA /* Products */;
			projectDirPath = "";
			projectRoot = "";
			targets = (
				6A7A8B7E1D90BDFE000BACEA /* TreeFiddy */,
			);
		};
/* End PBXProject section */

/* Begin PBXResourcesBuildPhase section */
		6A7A8B7D1D90BDFE000BACEA /* Resources */ = {
			isa = PBXResourcesBuildPhase;
			buildActionMask = 2147483647;
			files = (
				6ABBCCCD1D9B3CA4002C5139 /* Main.storyboard in Resources */,
				6A7A8B8D1D90BDFE000BACEA /* LaunchScreen.storyboard in Resources */,
				6A7A8B8A1D90BDFE000BACEA /* Assets.xcassets in Resources */,
			);
			runOnlyForDeploymentPostprocessing = 0;
		};
/* End PBXResourcesBuildPhase section */

/* Begin PBXSourcesBuildPhase section */
		6A7A8B7B1D90BDFE000BACEA /* Sources */ = {
			isa = PBXSourcesBuildPhase;
			buildActionMask = 2147483647;
			files = (
				6A7A8B851D90BDFE000BACEA /* ViewController.swift in Sources */,
				6A8033B31D9ADFF1000BFF14 /* Data.swift in Sources */,
				6A789C111D91C724001B14DF /* TableViewCell.swift in Sources */,
				6A789C0F1D91B58E001B14DF /* TableViewController.swift in Sources */,
				6A7A8B831D90BDFE000BACEA /* AppDelegate.swift in Sources */,
			);
			runOnlyForDeploymentPostprocessing = 0;
		};
/* End PBXSourcesBuildPhase section */

/* Begin PBXVariantGroup section */
		6A7A8B8B1D90BDFE000BACEA /* LaunchScreen.storyboard */ = {
			isa = PBXVariantGroup;
			children = (
				6A7A8B8C1D90BDFE000BACEA /* Base */,
			);
			name = LaunchScreen.storyboard;
			sourceTree = "<group>";
		};
/* End PBXVariantGroup section */

/* Begin XCBuildConfiguration section */
		6A7A8B8F1D90BDFE000BACEA /* Debug */ = {
			isa = XCBuildConfiguration;
			buildSettings = {
				ALWAYS_SEARCH_USER_PATHS = NO;
				CLANG_ANALYZER_NONNULL = YES;
				CLANG_CXX_LANGUAGE_STANDARD = "gnu++0x";
				CLANG_CXX_LIBRARY = "libc++";
				CLANG_ENABLE_MODULES = YES;
				CLANG_ENABLE_OBJC_ARC = YES;
				CLANG_WARN_BOOL_CONVERSION = YES;
				CLANG_WARN_CONSTANT_CONVERSION = YES;
				CLANG_WARN_DIRECT_OBJC_ISA_USAGE = YES_ERROR;
				CLANG_WARN_EMPTY_BODY = YES;
				CLANG_WARN_ENUM_CONVERSION = YES;
				CLANG_WARN_INFINITE_RECURSION = YES;
				CLANG_WARN_INT_CONVERSION = YES;
				CLANG_WARN_OBJC_ROOT_CLASS = YES_ERROR;
				CLANG_WARN_SUSPICIOUS_MOVE = YES;
				CLANG_WARN_UNREACHABLE_CODE = YES;
				CLANG_WARN__DUPLICATE_METHOD_MATCH = YES;
				"CODE_SIGN_IDENTITY[sdk=iphoneos*]" = "iPhone Developer";
				COPY_PHASE_STRIP = NO;
				DEBUG_INFORMATION_FORMAT = dwarf;
				ENABLE_STRICT_OBJC_MSGSEND = YES;
				ENABLE_TESTABILITY = YES;
				GCC_C_LANGUAGE_STANDARD = gnu99;
				GCC_DYNAMIC_NO_PIC = NO;
				GCC_NO_COMMON_BLOCKS = YES;
				GCC_OPTIMIZATION_LEVEL = 0;
				GCC_PREPROCESSOR_DEFINITIONS = (
					"DEBUG=1",
					"$(inherited)",
				);
				GCC_WARN_64_TO_32_BIT_CONVERSION = YES;
				GCC_WARN_ABOUT_RETURN_TYPE = YES_ERROR;
				GCC_WARN_UNDECLARED_SELECTOR = YES;
				GCC_WARN_UNINITIALIZED_AUTOS = YES_AGGRESSIVE;
				GCC_WARN_UNUSED_FUNCTION = YES;
				GCC_WARN_UNUSED_VARIABLE = YES;
				IPHONEOS_DEPLOYMENT_TARGET = 10.0;
				MTL_ENABLE_DEBUG_INFO = YES;
				ONLY_ACTIVE_ARCH = YES;
				SDKROOT = iphoneos;
				SWIFT_OPTIMIZATION_LEVEL = "-Onone";
			};
			name = Debug;
		};
		6A7A8B901D90BDFE000BACEA /* Release */ = {
			isa = XCBuildConfiguration;
			buildSettings = {
				ALWAYS_SEARCH_USER_PATHS = NO;
				CLANG_ANALYZER_NONNULL = YES;
				CLANG_CXX_LANGUAGE_STANDARD = "gnu++0x";
				CLANG_CXX_LIBRARY = "libc++";
				CLANG_ENABLE_MODULES = YES;
				CLANG_ENABLE_OBJC_ARC = YES;
				CLANG_WARN_BOOL_CONVERSION = YES;
				CLANG_WARN_CONSTANT_CONVERSION = YES;
				CLANG_WARN_DIRECT_OBJC_ISA_USAGE = YES_ERROR;
				CLANG_WARN_EMPTY_BODY = YES;
				CLANG_WARN_ENUM_CONVERSION = YES;
				CLANG_WARN_INFINITE_RECURSION = YES;
				CLANG_WARN_INT_CONVERSION = YES;
				CLANG_WARN_OBJC_ROOT_CLASS = YES_ERROR;
				CLANG_WARN_SUSPICIOUS_MOVE = YES;
				CLANG_WARN_UNREACHABLE_CODE = YES;
				CLANG_WARN__DUPLICATE_METHOD_MATCH = YES;
				"CODE_SIGN_IDENTITY[sdk=iphoneos*]" = "iPhone Developer";
				COPY_PHASE_STRIP = NO;
				DEBUG_INFORMATION_FORMAT = "dwarf-with-dsym";
				ENABLE_NS_ASSERTIONS = NO;
				ENABLE_STRICT_OBJC_MSGSEND = YES;
				GCC_C_LANGUAGE_STANDARD = gnu99;
				GCC_NO_COMMON_BLOCKS = YES;
				GCC_WARN_64_TO_32_BIT_CONVERSION = YES;
				GCC_WARN_ABOUT_RETURN_TYPE = YES_ERROR;
				GCC_WARN_UNDECLARED_SELECTOR = YES;
				GCC_WARN_UNINITIALIZED_AUTOS = YES_AGGRESSIVE;
				GCC_WARN_UNUSED_FUNCTION = YES;
				GCC_WARN_UNUSED_VARIABLE = YES;
				IPHONEOS_DEPLOYMENT_TARGET = 10.0;
				MTL_ENABLE_DEBUG_INFO = NO;
				SDKROOT = iphoneos;
				SWIFT_OPTIMIZATION_LEVEL = "-Owholemodule";
				VALIDATE_PRODUCT = YES;
			};
			name = Release;
		};
		6A7A8B921D90BDFE000BACEA /* Debug */ = {
			isa = XCBuildConfiguration;
			buildSettings = {
				ASSETCATALOG_COMPILER_APPICON_NAME = AppIcon;
				CODE_SIGN_IDENTITY = "iPhone Distribution";
				DEVELOPMENT_TEAM = GJ6V736FLW;
				INFOPLIST_FILE = Project1_TreeFiddy/Info.plist;
				LD_RUNPATH_SEARCH_PATHS = "$(inherited) @executable_path/Frameworks";
				PRODUCT_BUNDLE_IDENTIFIER = "com.soorinpark.Tree-Fiddy";
				PRODUCT_NAME = "Tree Fiddy";
				PROVISIONING_PROFILE = "7fc202bb-9fb2-40d4-866e-f973bda5efd4";
				PROVISIONING_PROFILE_SPECIFIER = "Tree Fiddy Distribution Profile";
				SWIFT_VERSION = 3.0;
			};
			name = Debug;
		};
		6A7A8B931D90BDFE000BACEA /* Release */ = {
			isa = XCBuildConfiguration;
			buildSettings = {
				ASSETCATALOG_COMPILER_APPICON_NAME = AppIcon;
				CODE_SIGN_IDENTITY = "iPhone Distribution";
				DEVELOPMENT_TEAM = GJ6V736FLW;
				INFOPLIST_FILE = Project1_TreeFiddy/Info.plist;
				LD_RUNPATH_SEARCH_PATHS = "$(inherited) @executable_path/Frameworks";
				PRODUCT_BUNDLE_IDENTIFIER = "com.soorinpark.Tree-Fiddy";
				PRODUCT_NAME = "Tree Fiddy";
				PROVISIONING_PROFILE = "6b73d95c-eea2-4ccb-9ebf-02fbc14610b7";
				PROVISIONING_PROFILE_SPECIFIER = "XC Ad Hoc: com.soorinpark.Tree-Fiddy";
				SWIFT_VERSION = 3.0;
			};
			name = Release;
		};
/* End XCBuildConfiguration section */

/* Begin XCConfigurationList section */
		6A7A8B7A1D90BDFE000BACEA /* Build configuration list for PBXProject "TreeFiddy" */ = {
			isa = XCConfigurationList;
			buildConfigurations = (
				6A7A8B8F1D90BDFE000BACEA /* Debug */,
				6A7A8B901D90BDFE000BACEA /* Release */,
			);
			defaultConfigurationIsVisible = 0;
			defaultConfigurationName = Release;
		};
		6A7A8B911D90BDFE000BACEA /* Build configuration list for PBXNativeTarget "TreeFiddy" */ = {
			isa = XCConfigurationList;
			buildConfigurations = (
				6A7A8B921D90BDFE000BACEA /* Debug */,
				6A7A8B931D90BDFE000BACEA /* Release */,
			);
			defaultConfigurationIsVisible = 0;
			defaultConfigurationName = Release;
		};
/* End XCConfigurationList section */
	};
	rootObject = 6A7A8B771D90BDFE000BACEA /* Project object */;
}
